PODS:
  - Loaf (0.7.0)
  - MBProgressHUD (1.2.0)

DEPENDENCIES:
  - Loaf
  - MBProgressHUD

SPEC REPOS:
  trunk:
    - Loaf
    - MBProgressHUD

SPEC CHECKSUMS:
  Loaf: d69937cd00649f3fa260beb8b7aef0a1feb861ef
  MBProgressHUD: 3ee5efcc380f6a79a7cc9b363dd669c5e1ae7406

PODFILE CHECKSUM: a9b305247bd141ba10570e9aef64c9c428e32abf

COCOAPODS: 1.10.1
