// !$*UTF8*$!
{
	archiveVersion = 1;
	classes = {
	};
	objectVersion = 50;
	objects = {

/* Begin PBXBuildFile section */
		7DF25ABB26006A9C005C0A24 /* AppDelegate.swift in Sources */ = {isa = PBXBuildFile; fileRef = 7DF25ABA26006A9C005C0A24 /* AppDelegate.swift */; };
		7DF25ABD26006A9C005C0A24 /* SceneDelegate.swift in Sources */ = {isa = PBXBuildFile; fileRef = 7DF25ABC26006A9C005C0A24 /* SceneDelegate.swift */; };
		7DF25ABF26006A9C005C0A24 /* ViewController.swift in Sources */ = {isa = PBXBuildFile; fileRef = 7DF25ABE26006A9C005C0A24 /* ViewController.swift */; };
		7DF25AC226006A9C005C0A24 /* Main.storyboard in Resources */ = {isa = PBXBuildFile; fileRef = 7DF25AC026006A9C005C0A24 /* Main.storyboard */; };
		7DF25AC426006A9E005C0A24 /* Assets.xcassets in Resources */ = {isa = PBXBuildFile; fileRef = 7DF25AC326006A9E005C0A24 /* Assets.xcassets */; };
		7DF25AC726006A9E005C0A24 /* LaunchScreen.storyboard in Resources */ = {isa = PBXBuildFile; fileRef = 7DF25AC526006A9E005C0A24 /* LaunchScreen.storyboard */; };
		95A5980609BFADFD8A6D537A /* Pods_ios_dca_calculator.framework in Frameworks */ = {isa = PBXBuildFile; fileRef = A0A85F0C3ABEF060A026A8B6 /* Pods_ios_dca_calculator.framework */; };
/* End PBXBuildFile section */

/* Begin PBXFileReference section */
		045F69339A1BD006E03CE124 /* Pods-ios-dca-calculator.debug.xcconfig */ = {isa = PBXFileReference; includeInIndex = 1; lastKnownFileType = text.xcconfig; name = "Pods-ios-dca-calculator.debug.xcconfig"; path = "Target Support Files/Pods-ios-dca-calculator/Pods-ios-dca-calculator.debug.xcconfig"; sourceTree = "<group>"; };
		2B6BD9A0363ECD9A7D03926A /* Pods-ios-dca-calculator.release.xcconfig */ = {isa = PBXFileReference; includeInIndex = 1; lastKnownFileType = text.xcconfig; name = "Pods-ios-dca-calculator.release.xcconfig"; path = "Target Support Files/Pods-ios-dca-calculator/Pods-ios-dca-calculator.release.xcconfig"; sourceTree = "<group>"; };
		7DF25AB726006A9C005C0A24 /* ios-dca-calculator.app */ = {isa = PBXFileReference; explicitFileType = wrapper.application; includeInIndex = 0; path = "ios-dca-calculator.app"; sourceTree = BUILT_PRODUCTS_DIR; };
		7DF25ABA26006A9C005C0A24 /* AppDelegate.swift */ = {isa = PBXFileReference; lastKnownFileType = sourcecode.swift; path = AppDelegate.swift; sourceTree = "<group>"; };
		7DF25ABC26006A9C005C0A24 /* SceneDelegate.swift */ = {isa = PBXFileReference; lastKnownFileType = sourcecode.swift; path = SceneDelegate.swift; sourceTree = "<group>"; };
		7DF25ABE26006A9C005C0A24 /* ViewController.swift */ = {isa = PBXFileReference; lastKnownFileType = sourcecode.swift; path = ViewController.swift; sourceTree = "<group>"; };
		7DF25AC126006A9C005C0A24 /* Base */ = {isa = PBXFileReference; lastKnownFileType = file.storyboard; name = Base; path = Base.lproj/Main.storyboard; sourceTree = "<group>"; };
		7DF25AC326006A9E005C0A24 /* Assets.xcassets */ = {isa = PBXFileReference; lastKnownFileType = folder.assetcatalog; path = Assets.xcassets; sourceTree = "<group>"; };
		7DF25AC626006A9E005C0A24 /* Base */ = {isa = PBXFileReference; lastKnownFileType = file.storyboard; name = Base; path = Base.lproj/LaunchScreen.storyboard; sourceTree = "<group>"; };
		7DF25AC826006A9E005C0A24 /* Info.plist */ = {isa = PBXFileReference; lastKnownFileType = text.plist.xml; path = Info.plist; sourceTree = "<group>"; };
		A0A85F0C3ABEF060A026A8B6 /* Pods_ios_dca_calculator.framework */ = {isa = PBXFileReference; explicitFileType = wrapper.framework; includeInIndex = 0; path = Pods_ios_dca_calculator.framework; sourceTree = BUILT_PRODUCTS_DIR; };
/* End PBXFileReference section */

/* Begin PBXFrameworksBuildPhase section */
		7DF25AB426006A9C005C0A24 /* Frameworks */ = {
			isa = PBXFrameworksBuildPhase;
			buildActionMask = 2147483647;
			files = (
				95A5980609BFADFD8A6D537A /* Pods_ios_dca_calculator.framework in Frameworks */,
			);
			runOnlyForDeploymentPostprocessing = 0;
		};
/* End PBXFrameworksBuildPhase section */

/* Begin PBXGroup section */
		20C7932C461D977EDEC6D177 /* Pods */ = {
			isa = PBXGroup;
			children = (
				045F69339A1BD006E03CE124 /* Pods-ios-dca-calculator.debug.xcconfig */,
				2B6BD9A0363ECD9A7D03926A /* Pods-ios-dca-calculator.release.xcconfig */,
			);
			name = Pods;
			path = Pods;
			sourceTree = "<group>";
		};
		5E217B55A20C8F82D16197DD /* Frameworks */ = {
			isa = PBXGroup;
			children = (
				A0A85F0C3ABEF060A026A8B6 /* Pods_ios_dca_calculator.framework */,
			);
			name = Frameworks;
			sourceTree = "<group>";
		};
		7DF25AAE26006A9C005C0A24 = {
			isa = PBXGroup;
			children = (
				7DF25AB926006A9C005C0A24 /* ios-dca-calculator */,
				7DF25AB826006A9C005C0A24 /* Products */,
				20C7932C461D977EDEC6D177 /* Pods */,
				5E217B55A20C8F82D16197DD /* Frameworks */,
			);
			sourceTree = "<group>";
		};
		7DF25AB826006A9C005C0A24 /* Products */ = {
			isa = PBXGroup;
			children = (
				7DF25AB726006A9C005C0A24 /* ios-dca-calculator.app */,
			);
			name = Products;
			sourceTree = "<group>";
		};
		7DF25AB926006A9C005C0A24 /* ios-dca-calculator */ = {
			isa = PBXGroup;
			children = (
				7DF25ABA26006A9C005C0A24 /* AppDelegate.swift */,
				7DF25ABC26006A9C005C0A24 /* SceneDelegate.swift */,
				7DF25ABE26006A9C005C0A24 /* ViewController.swift */,
				7DF25AC026006A9C005C0A24 /* Main.storyboard */,
				7DF25AC326006A9E005C0A24 /* Assets.xcassets */,
				7DF25AC526006A9E005C0A24 /* LaunchScreen.storyboard */,
				7DF25AC826006A9E005C0A24 /* Info.plist */,
			);
			path = "ios-dca-calculator";
			sourceTree = "<group>";
		};
/* End PBXGroup section */

/* Begin PBXNativeTarget section */
		7DF25AB626006A9C005C0A24 /* ios-dca-calculator */ = {
			isa = PBXNativeTarget;
			buildConfigurationList = 7DF25ACB26006A9E005C0A24 /* Build configuration list for PBXNativeTarget "ios-dca-calculator" */;
			buildPhases = (
				46519FE88877F4123B0E1D60 /* [CP] Check Pods Manifest.lock */,
				7DF25AB326006A9C005C0A24 /* Sources */,
				7DF25AB426006A9C005C0A24 /* Frameworks */,
				7DF25AB526006A9C005C0A24 /* Resources */,
				35B6E2834F9BC5F159B6B6AE /* [CP] Embed Pods Frameworks */,
			);
			buildRules = (
			);
			dependencies = (
			);
			name = "ios-dca-calculator";
			productName = "ios-dca-calculator";
			productReference = 7DF25AB726006A9C005C0A24 /* ios-dca-calculator.app */;
			productType = "com.apple.product-type.application";
		};
/* End PBXNativeTarget section */

/* Begin PBXProject section */
		7DF25AAF26006A9C005C0A24 /* Project object */ = {
			isa = PBXProject;
			attributes = {
				LastSwiftUpdateCheck = 1240;
				LastUpgradeCheck = 1240;
				TargetAttributes = {
					7DF25AB626006A9C005C0A24 = {
						CreatedOnToolsVersion = 12.4;
					};
				};
			};
			buildConfigurationList = 7DF25AB226006A9C005C0A24 /* Build configuration list for PBXProject "ios-dca-calculator" */;
			compatibilityVersion = "Xcode 9.3";
			developmentRegion = en;
			hasScannedForEncodings = 0;
			knownRegions = (
				en,
				Base,
			);
			mainGroup = 7DF25AAE26006A9C005C0A24;
			productRefGroup = 7DF25AB826006A9C005C0A24 /* Products */;
			projectDirPath = "";
			projectRoot = "";
			targets = (
				7DF25AB626006A9C005C0A24 /* ios-dca-calculator */,
			);
		};
/* End PBXProject section */

/* Begin PBXResourcesBuildPhase section */
		7DF25AB526006A9C005C0A24 /* Resources */ = {
			isa = PBXResourcesBuildPhase;
			buildActionMask = 2147483647;
			files = (
				7DF25AC726006A9E005C0A24 /* LaunchScreen.storyboard in Resources */,
				7DF25AC426006A9E005C0A24 /* Assets.xcassets in Resources */,
				7DF25AC226006A9C005C0A24 /* Main.storyboard in Resources */,
			);
			runOnlyForDeploymentPostprocessing = 0;
		};
/* End PBXResourcesBuildPhase section */

/* Begin PBXShellScriptBuildPhase section */
		35B6E2834F9BC5F159B6B6AE /* [CP] Embed Pods Frameworks */ = {
			isa = PBXShellScriptBuildPhase;
			buildActionMask = 2147483647;
			files = (
			);
			inputFileListPaths = (
				"${PODS_ROOT}/Target Support Files/Pods-ios-dca-calculator/Pods-ios-dca-calculator-frameworks-${CONFIGURATION}-input-files.xcfilelist",
			);
			name = "[CP] Embed Pods Frameworks";
			outputFileListPaths = (
				"${PODS_ROOT}/Target Support Files/Pods-ios-dca-calculator/Pods-ios-dca-calculator-frameworks-${CONFIGURATION}-output-files.xcfilelist",
			);
			runOnlyForDeploymentPostprocessing = 0;
			shellPath = /bin/sh;
			shellScript = "\"${PODS_ROOT}/Target Support Files/Pods-ios-dca-calculator/Pods-ios-dca-calculator-frameworks.sh\"\n";
			showEnvVarsInLog = 0;
		};
		46519FE88877F4123B0E1D60 /* [CP] Check Pods Manifest.lock */ = {
			isa = PBXShellScriptBuildPhase;
			buildActionMask = 2147483647;
			files = (
			);
			inputFileListPaths = (
			);
			inputPaths = (
				"${PODS_PODFILE_DIR_PATH}/Podfile.lock",
				"${PODS_ROOT}/Manifest.lock",
			);
			name = "[CP] Check Pods Manifest.lock";
			outputFileListPaths = (
			);
			outputPaths = (
				"$(DERIVED_FILE_DIR)/Pods-ios-dca-calculator-checkManifestLockResult.txt",
			);
			runOnlyForDeploymentPostprocessing = 0;
			shellPath = /bin/sh;
			shellScript = "diff \"${PODS_PODFILE_DIR_PATH}/Podfile.lock\" \"${PODS_ROOT}/Manifest.lock\" > /dev/null\nif [ $? != 0 ] ; then\n    # print error to STDERR\n    echo \"error: The sandbox is not in sync with the Podfile.lock. Run 'pod install' or update your CocoaPods installation.\" >&2\n    exit 1\nfi\n# This output is used by Xcode 'outputs' to avoid re-running this script phase.\necho \"SUCCESS\" > \"${SCRIPT_OUTPUT_FILE_0}\"\n";
			showEnvVarsInLog = 0;
		};
/* End PBXShellScriptBuildPhase section */

/* Begin PBXSourcesBuildPhase section */
		7DF25AB326006A9C005C0A24 /* Sources */ = {
			isa = PBXSourcesBuildPhase;
			buildActionMask = 2147483647;
			files = (
				7DF25ABF26006A9C005C0A24 /* ViewController.swift in Sources */,
				7DF25ABB26006A9C005C0A24 /* AppDelegate.swift in Sources */,
				7DF25ABD26006A9C005C0A24 /* SceneDelegate.swift in Sources */,
			);
			runOnlyForDeploymentPostprocessing = 0;
		};
/* End PBXSourcesBuildPhase section */

/* Begin PBXVariantGroup section */
		7DF25AC026006A9C005C0A24 /* Main.storyboard */ = {
			isa = PBXVariantGroup;
			children = (
				7DF25AC126006A9C005C0A24 /* Base */,
			);
			name = Main.storyboard;
			sourceTree = "<group>";
		};
		7DF25AC526006A9E005C0A24 /* LaunchScreen.storyboard */ = {
			isa = PBXVariantGroup;
			children = (
				7DF25AC626006A9E005C0A24 /* Base */,
			);
			name = LaunchScreen.storyboard;
			sourceTree = "<group>";
		};
/* End PBXVariantGroup section */

/* Begin XCBuildConfiguration section */
		7DF25AC926006A9E005C0A24 /* Debug */ = {
			isa = XCBuildConfiguration;
			buildSettings = {
				ALWAYS_SEARCH_USER_PATHS = NO;
				CLANG_ANALYZER_NONNULL = YES;
				CLANG_ANALYZER_NUMBER_OBJECT_CONVERSION = YES_AGGRESSIVE;
				CLANG_CXX_LANGUAGE_STANDARD = "gnu++14";
				CLANG_CXX_LIBRARY = "libc++";
				CLANG_ENABLE_MODULES = YES;
				CLANG_ENABLE_OBJC_ARC = YES;
				CLANG_ENABLE_OBJC_WEAK = YES;
				CLANG_WARN_BLOCK_CAPTURE_AUTORELEASING = YES;
				CLANG_WARN_BOOL_CONVERSION = YES;
				CLANG_WARN_COMMA = YES;
				CLANG_WARN_CONSTANT_CONVERSION = YES;
				CLANG_WARN_DEPRECATED_OBJC_IMPLEMENTATIONS = YES;
				CLANG_WARN_DIRECT_OBJC_ISA_USAGE = YES_ERROR;
				CLANG_WARN_DOCUMENTATION_COMMENTS = YES;
				CLANG_WARN_EMPTY_BODY = YES;
				CLANG_WARN_ENUM_CONVERSION = YES;
				CLANG_WARN_INFINITE_RECURSION = YES;
				CLANG_WARN_INT_CONVERSION = YES;
				CLANG_WARN_NON_LITERAL_NULL_CONVERSION = YES;
				CLANG_WARN_OBJC_IMPLICIT_RETAIN_SELF = YES;
				CLANG_WARN_OBJC_LITERAL_CONVERSION = YES;
				CLANG_WARN_OBJC_ROOT_CLASS = YES_ERROR;
				CLANG_WARN_QUOTED_INCLUDE_IN_FRAMEWORK_HEADER = YES;
				CLANG_WARN_RANGE_LOOP_ANALYSIS = YES;
				CLANG_WARN_STRICT_PROTOTYPES = YES;
				CLANG_WARN_SUSPICIOUS_MOVE = YES;
				CLANG_WARN_UNGUARDED_AVAILABILITY = YES_AGGRESSIVE;
				CLANG_WARN_UNREACHABLE_CODE = YES;
				CLANG_WARN__DUPLICATE_METHOD_MATCH = YES;
				COPY_PHASE_STRIP = NO;
				DEBUG_INFORMATION_FORMAT = dwarf;
				ENABLE_STRICT_OBJC_MSGSEND = YES;
				ENABLE_TESTABILITY = YES;
				GCC_C_LANGUAGE_STANDARD = gnu11;
				GCC_DYNAMIC_NO_PIC = NO;
				GCC_NO_COMMON_BLOCKS = YES;
				GCC_OPTIMIZATION_LEVEL = 0;
				GCC_PREPROCESSOR_DEFINITIONS = (
					"DEBUG=1",
					"$(inherited)",
				);
				GCC_WARN_64_TO_32_BIT_CONVERSION = YES;
				GCC_WARN_ABOUT_RETURN_TYPE = YES_ERROR;
				GCC_WARN_UNDECLARED_SELECTOR = YES;
				GCC_WARN_UNINITIALIZED_AUTOS = YES_AGGRESSIVE;
				GCC_WARN_UNUSED_FUNCTION = YES;
				GCC_WARN_UNUSED_VARIABLE = YES;
				IPHONEOS_DEPLOYMENT_TARGET = 14.4;
				MTL_ENABLE_DEBUG_INFO = INCLUDE_SOURCE;
				MTL_FAST_MATH = YES;
				ONLY_ACTIVE_ARCH = YES;
				SDKROOT = iphoneos;
				SWIFT_ACTIVE_COMPILATION_CONDITIONS = DEBUG;
				SWIFT_OPTIMIZATION_LEVEL = "-Onone";
			};
			name = Debug;
		};
		7DF25ACA26006A9E005C0A24 /* Release */ = {
			isa = XCBuildConfiguration;
			buildSettings = {
				ALWAYS_SEARCH_USER_PATHS = NO;
				CLANG_ANALYZER_NONNULL = YES;
				CLANG_ANALYZER_NUMBER_OBJECT_CONVERSION = YES_AGGRESSIVE;
				CLANG_CXX_LANGUAGE_STANDARD = "gnu++14";
				CLANG_CXX_LIBRARY = "libc++";
				CLANG_ENABLE_MODULES = YES;
				CLANG_ENABLE_OBJC_ARC = YES;
				CLANG_ENABLE_OBJC_WEAK = YES;
				CLANG_WARN_BLOCK_CAPTURE_AUTORELEASING = YES;
				CLANG_WARN_BOOL_CONVERSION = YES;
				CLANG_WARN_COMMA = YES;
				CLANG_WARN_CONSTANT_CONVERSION = YES;
				CLANG_WARN_DEPRECATED_OBJC_IMPLEMENTATIONS = YES;
				CLANG_WARN_DIRECT_OBJC_ISA_USAGE = YES_ERROR;
				CLANG_WARN_DOCUMENTATION_COMMENTS = YES;
				CLANG_WARN_EMPTY_BODY = YES;
				CLANG_WARN_ENUM_CONVERSION = YES;
				CLANG_WARN_INFINITE_RECURSION = YES;
				CLANG_WARN_INT_CONVERSION = YES;
				CLANG_WARN_NON_LITERAL_NULL_CONVERSION = YES;
				CLANG_WARN_OBJC_IMPLICIT_RETAIN_SELF = YES;
				CLANG_WARN_OBJC_LITERAL_CONVERSION = YES;
				CLANG_WARN_OBJC_ROOT_CLASS = YES_ERROR;
				CLANG_WARN_QUOTED_INCLUDE_IN_FRAMEWORK_HEADER = YES;
				CLANG_WARN_RANGE_LOOP_ANALYSIS = YES;
				CLANG_WARN_STRICT_PROTOTYPES = YES;
				CLANG_WARN_SUSPICIOUS_MOVE = YES;
				CLANG_WARN_UNGUARDED_AVAILABILITY = YES_AGGRESSIVE;
				CLANG_WARN_UNREACHABLE_CODE = YES;
				CLANG_WARN__DUPLICATE_METHOD_MATCH = YES;
				COPY_PHASE_STRIP = NO;
				DEBUG_INFORMATION_FORMAT = "dwarf-with-dsym";
				ENABLE_NS_ASSERTIONS = NO;
				ENABLE_STRICT_OBJC_MSGSEND = YES;
				GCC_C_LANGUAGE_STANDARD = gnu11;
				GCC_NO_COMMON_BLOCKS = YES;
				GCC_WARN_64_TO_32_BIT_CONVERSION = YES;
				GCC_WARN_ABOUT_RETURN_TYPE = YES_ERROR;
				GCC_WARN_UNDECLARED_SELECTOR = YES;
				GCC_WARN_UNINITIALIZED_AUTOS = YES_AGGRESSIVE;
				GCC_WARN_UNUSED_FUNCTION = YES;
				GCC_WARN_UNUSED_VARIABLE = YES;
				IPHONEOS_DEPLOYMENT_TARGET = 14.4;
				MTL_ENABLE_DEBUG_INFO = NO;
				MTL_FAST_MATH = YES;
				SDKROOT = iphoneos;
				SWIFT_COMPILATION_MODE = wholemodule;
				SWIFT_OPTIMIZATION_LEVEL = "-O";
				VALIDATE_PRODUCT = YES;
			};
			name = Release;
		};
		7DF25ACC26006A9E005C0A24 /* Debug */ = {
			isa = XCBuildConfiguration;
			baseConfigurationReference = 045F69339A1BD006E03CE124 /* Pods-ios-dca-calculator.debug.xcconfig */;
			buildSettings = {
				ASSETCATALOG_COMPILER_APPICON_NAME = AppIcon;
				ASSETCATALOG_COMPILER_GLOBAL_ACCENT_COLOR_NAME = AccentColor;
				CODE_SIGN_STYLE = Automatic;
				DEVELOPMENT_TEAM = JH6HFBQXT6;
				INFOPLIST_FILE = "ios-dca-calculator/Info.plist";
				LD_RUNPATH_SEARCH_PATHS = (
					"$(inherited)",
					"@executable_path/Frameworks",
				);
				PRODUCT_BUNDLE_IDENTIFIER = "miiiiiin.ios-dca-calculator";
				PRODUCT_NAME = "$(TARGET_NAME)";
				SWIFT_VERSION = 5.0;
				TARGETED_DEVICE_FAMILY = "1,2";
			};
			name = Debug;
		};
		7DF25ACD26006A9E005C0A24 /* Release */ = {
			isa = XCBuildConfiguration;
			baseConfigurationReference = 2B6BD9A0363ECD9A7D03926A /* Pods-ios-dca-calculator.release.xcconfig */;
			buildSettings = {
				ASSETCATALOG_COMPILER_APPICON_NAME = AppIcon;
				ASSETCATALOG_COMPILER_GLOBAL_ACCENT_COLOR_NAME = AccentColor;
				CODE_SIGN_STYLE = Automatic;
				DEVELOPMENT_TEAM = JH6HFBQXT6;
				INFOPLIST_FILE = "ios-dca-calculator/Info.plist";
				LD_RUNPATH_SEARCH_PATHS = (
					"$(inherited)",
					"@executable_path/Frameworks",
				);
				PRODUCT_BUNDLE_IDENTIFIER = "miiiiiin.ios-dca-calculator";
				PRODUCT_NAME = "$(TARGET_NAME)";
				SWIFT_VERSION = 5.0;
				TARGETED_DEVICE_FAMILY = "1,2";
			};
			name = Release;
		};
/* End XCBuildConfiguration section */

/* Begin XCConfigurationList section */
		7DF25AB226006A9C005C0A24 /* Build configuration list for PBXProject "ios-dca-calculator" */ = {
			isa = XCConfigurationList;
			buildConfigurations = (
				7DF25AC926006A9E005C0A24 /* Debug */,
				7DF25ACA26006A9E005C0A24 /* Release */,
			);
			defaultConfigurationIsVisible = 0;
			defaultConfigurationName = Release;
		};
		7DF25ACB26006A9E005C0A24 /* Build configuration list for PBXNativeTarget "ios-dca-calculator" */ = {
			isa = XCConfigurationList;
			buildConfigurations = (
				7DF25ACC26006A9E005C0A24 /* Debug */,
				7DF25ACD26006A9E005C0A24 /* Release */,
			);
			defaultConfigurationIsVisible = 0;
			defaultConfigurationName = Release;
		};
/* End XCConfigurationList section */
	};
	rootObject = 7DF25AAF26006A9C005C0A24 /* Project object */;
}
